# This file is autogenerated, do not edit; changes may be undone by the next 'dep ensure'.


[[projects]]
  digest = "1:e4549155be72f065cf860ada7148bbeb0857360e81da2d5e28b799bd8720f1bc"
  name = "cloud.google.com/go"
  packages = ["compute/metadata"]
  pruneopts = "T"
  revision = "0ebda48a7f143b1cce9eb37a8c1106ac762a3430"
  version = "v0.34.0"

[[projects]]
  digest = "1:3b10c6fd33854dc41de2cf78b7bae105da94c2789b6fa5b9ac9e593ea43484ac"
  name = "github.com/Masterminds/goutils"
  packages = ["."]
  pruneopts = "T"
  revision = "41ac8693c5c10a92ea1ff5ac3a7f95646f6123b0"
  version = "v1.1.0"

[[projects]]
  digest = "1:55388fd080150b9a072912f97b1f5891eb0b50df43401f8b75fb4273d3fec9fc"
  name = "github.com/Masterminds/semver"
  packages = ["."]
  pruneopts = "T"
  revision = "c7af12943936e8c39859482e61f0574c2fd7fc75"
  version = "v1.4.2"

[[projects]]
  digest = "1:167d20f2417c3188e4f4d02a8870ac65b4d4f9fe0ac6f450873fcffa39623a37"
  name = "github.com/Masterminds/sprig"
  packages = ["."]
  pruneopts = "T"
  revision = "258b00ffa7318e8b109a141349980ffbd30a35db"
  version = "v2.20.0"

[[projects]]
  branch = "master"
  digest = "1:ad4589ec239820ee99eb01c1ad47ebc5f8e02c4f5103a9b210adff9696d89f36"
  name = "github.com/beorn7/perks"
  packages = ["quantile"]
  pruneopts = "T"
  revision = "3a771d992973f24aa725d07868b467d1ddfceafb"

[[projects]]
  digest = "1:9f42202ac457c462ad8bb9642806d275af9ab4850cf0b1960b9c6f083d4a309a"
  name = "github.com/davecgh/go-spew"
  packages = ["spew"]
  pruneopts = "T"
  revision = "8991bc29aa16c548c550c7ff78260e27b9ab7c73"
  version = "v1.1.1"

[[projects]]
  branch = "master"
  digest = "1:0d4540d92fd82f9957e1f718e2b1e5f2d301ed8169e2923bba23558fbbbd08a1"
  name = "github.com/docker/spdystream"
  packages = [
    ".",
    "spdy",
  ]
  pruneopts = "T"
  revision = "6480d4af844c189cf5dd913db24ddd339d3a4f85"

[[projects]]
  digest = "1:ae22b31cc4eccb85d5a53fdaa3f189071e21cb14ee78e05c24f4dc3d49560253"
  name = "github.com/elastic/go-ucfg"
  packages = [
    ".",
    "diff",
    "internal/parse",
    "yaml",
  ]
  pruneopts = "T"
  revision = "0539807037ce820e147797f051ff32b05f4f9288"
  version = "v0.7.0"

[[projects]]
  digest = "1:0ffd93121f3971aea43f6a26b3eaaa64c8af20fb0ff0731087d8dab7164af5a8"
  name = "github.com/emicklei/go-restful"
  packages = [
    ".",
    "log",
  ]
  pruneopts = "T"
  revision = "3eb9738c1697594ea6e71a7156a9bb32ed216cf0"
  version = "v2.8.0"

[[projects]]
  digest = "1:90171b862cb6ec187304a593e4d78bfcbcf0f4394870eb66e0eb62cc06b144ad"
  name = "github.com/evanphx/json-patch"
  packages = ["."]
  pruneopts = "T"
  revision = "72bf35d0ff611848c1dc9df0f976c81192392fa5"
  version = "v4.1.0"

[[projects]]
  digest = "1:865079840386857c809b72ce300be7580cb50d3d3129ce11bf9aa6ca2bc1934a"
  name = "github.com/fatih/color"
  packages = ["."]
  pruneopts = "T"
  revision = "5b77d2a35fb0ede96d138fc9a99f5c9b6aef11b4"
  version = "v1.7.0"

[[projects]]
  digest = "1:7fc160b460a6fc506b37fcca68332464c3f2cd57b6e3f111f26c5bbfd2d5518e"
  name = "github.com/fsnotify/fsnotify"
  packages = ["."]
  pruneopts = "T"
  revision = "c2828203cd70a50dcccfb2761f8b1f8ceef9a8e9"
  version = "v1.4.7"

[[projects]]
  digest = "1:2cd7915ab26ede7d95b8749e6b1f933f1c6d5398030684e6505940a10f31cfda"
  name = "github.com/ghodss/yaml"
  packages = ["."]
  pruneopts = "T"
  revision = "0ca9ea5df5451ffdf184b4428c902747c2c11cd7"
  version = "v1.0.0"

[[projects]]
  branch = "master"
  digest = "1:65587005c6fa4293c0b8a2e457e689df7fda48cc5e1f5449ea2c1e7784551558"
  name = "github.com/go-logr/logr"
  packages = ["."]
  pruneopts = "T"
  revision = "9fb12b3b21c5415d16ac18dc5cd42c1cfdd40c4e"

[[projects]]
  digest = "1:ce43ad4015e7cdad3f0e8f2c8339439dd4470859a828d2a6988b0f713699e94a"
  name = "github.com/go-logr/zapr"
  packages = ["."]
  pruneopts = "T"
  revision = "7536572e8d55209135cd5e7ccf7fce43dca217ab"
  version = "v0.1.0"

[[projects]]
  digest = "1:7f89e0c888fb99c61055c646f5678aae645b0b0a1443d9b2dcd9964d850827ce"
  name = "github.com/go-test/deep"
  packages = ["."]
  pruneopts = "T"
  revision = "6592d9cc0a499ad2d5f574fde80a2b5c5cc3b4f5"
  version = "v1.0.1"

[[projects]]
  digest = "1:f6ca5975d71edbb975eb76351e919b5d001bd4061e81a82e8b10299b113c3e98"
  name = "github.com/gobuffalo/flect"
  packages = ["."]
  pruneopts = "T"
  revision = "86360480338dcc8c7b61de28a928595f77079989"
  version = "v0.1.6"

[[projects]]
  digest = "1:f5ccd717b5f093cbabc51ee2e7a5979b92f17d217f9031d6d64f337101c408e4"
  name = "github.com/gogo/protobuf"
  packages = [
    "proto",
    "sortkeys",
  ]
  pruneopts = "T"
  revision = "4cbf7e384e768b4e01799441fdf2a706a5635ae7"
  version = "v1.2.0"

[[projects]]
  branch = "master"
  digest = "1:8f3489cb7352125027252a6517757cbd1706523119f1e14e20741ae8d2f70428"
  name = "github.com/golang/groupcache"
  packages = ["lru"]
  pruneopts = "T"
  revision = "c65c006176ff7ff98bb916961c7abbc6b0afc0aa"

[[projects]]
  digest = "1:a2ecb56e5053d942aafc86738915fb94c9131bac848c543b8b6764365fd69080"
  name = "github.com/golang/protobuf"
  packages = [
    "proto",
    "ptypes",
    "ptypes/any",
    "ptypes/duration",
    "ptypes/timestamp",
  ]
  pruneopts = "T"
  revision = "aa810b61a9c79d51363740d207bb46cf8e620ed5"
  version = "v1.2.0"

[[projects]]
  digest = "1:f37c069fadbaa889f79aea9cd463d225000a0d26f1e7423f14c0cd58fbc5c597"
  name = "github.com/golang/snappy"
  packages = ["."]
  pruneopts = "T"
  revision = "2a8bb927dd31d8daada140a5d09578521ce5c36a"
  version = "v0.0.1"

[[projects]]
  branch = "master"
  digest = "1:3ee90c0d94da31b442dde97c99635aaafec68d0b8a3c12ee2075c6bdabeec6bb"
  name = "github.com/google/gofuzz"
  packages = ["."]
  pruneopts = "T"
  revision = "24818f796faf91cd76ec7bddd72458fbced7a6c1"

[[projects]]
  digest = "1:236d7e1bdb50d8f68559af37dbcf9d142d56b431c9b2176d41e2a009b664cda8"
  name = "github.com/google/uuid"
  packages = ["."]
  pruneopts = "T"
  revision = "9b3b1e0f5f99ae461456d768e7d301a7acdaa2d8"
  version = "v1.1.0"

[[projects]]
  digest = "1:35735e2255fa34521c2a1355fb2a3a2300bc9949f487be1c1ce8ee8efcfa2d04"
  name = "github.com/googleapis/gnostic"
  packages = [
    "OpenAPIv2",
    "compiler",
    "extensions",
  ]
  pruneopts = "T"
  revision = "7c663266750e7d82587642f65e60bc4083f1f84e"
  version = "v0.2.0"

[[projects]]
  digest = "1:0ade334594e69404d80d9d323445d2297ff8161637f9b2d347cc6973d2d6f05b"
  name = "github.com/hashicorp/errwrap"
  packages = ["."]
  pruneopts = "T"
  revision = "8a6fb523712970c966eefc6b39ed2c5e74880354"
  version = "v1.0.0"

[[projects]]
  digest = "1:af105c7c5dc0b4ae41991f122cae860b9600f7d226072c2a83127048c991660c"
  name = "github.com/hashicorp/go-cleanhttp"
  packages = ["."]
  pruneopts = "T"
  revision = "eda1e5db218aad1db63ca4642c8906b26bcf2744"
  version = "v0.5.1"

[[projects]]
  digest = "1:f668349b83f7d779567c880550534addeca7ebadfdcf44b0b9c39be61864b4b7"
  name = "github.com/hashicorp/go-multierror"
  packages = ["."]
  pruneopts = "T"
  revision = "886a7fbe3eb1c874d46f623bfa70af45f425b3d1"
  version = "v1.0.0"

[[projects]]
  digest = "1:351c9fafe916b099211b6e05749afdf5eef2d9aa297691827825628ec395d8c4"
  name = "github.com/hashicorp/go-retryablehttp"
  packages = ["."]
  pruneopts = "T"
  revision = "85a8ee556d7323a4faf0f4c17ee900e9ff1482e8"
  version = "v0.5.4"

[[projects]]
  digest = "1:74cfc0375a9c8ae0116ff35ec75ebea54e2f87c195aa9c8d3a6f4a2c5bafa3b1"
  name = "github.com/hashicorp/go-rootcerts"
  packages = ["."]
  pruneopts = "T"
  revision = "df8e78a645e18d56ed7bb9ae10ffb8174ab892e2"
  version = "v1.0.1"

[[projects]]
  digest = "1:d8493b8c94fb21d2048544b53d587a7b9b598d5fcb01a8e3b8aa6c3e9b2a5227"
  name = "github.com/hashicorp/go-sockaddr"
  packages = ["."]
  pruneopts = "T"
  revision = "c7188e74f6acae5a989bdc959aa779f8b9f42faf"
  version = "v1.0.2"

[[projects]]
  digest = "1:8ec8d88c248041a6df5f6574b87bc00e7e0b493881dad2e7ef47b11dc69093b5"
  name = "github.com/hashicorp/golang-lru"
  packages = [
    ".",
    "simplelru",
  ]
  pruneopts = "T"
  revision = "20f1fb78b0740ba8c3cb143a61e86ba5c8669768"
  version = "v0.5.0"

[[projects]]
  digest = "1:071bcbf82c289fba4d3f63c876bf4f0ba7eda625cd60795e0a03ccbf949e517a"
  name = "github.com/hashicorp/hcl"
  packages = [
    ".",
    "hcl/ast",
    "hcl/parser",
    "hcl/printer",
    "hcl/scanner",
    "hcl/strconv",
    "hcl/token",
    "json/parser",
    "json/scanner",
    "json/token",
  ]
  pruneopts = "T"
  revision = "8cb6e5b959231cc1119e43259c4a608f9c51a241"
  version = "v1.0.0"

[[projects]]
  digest = "1:11946a92cae8cb9ae531b851f08316f5ff7b8e805096a3ead27d67ccaee1445b"
  name = "github.com/hashicorp/vault"
  packages = [
    "api",
    "sdk/helper/compressutil",
    "sdk/helper/consts",
    "sdk/helper/hclutil",
    "sdk/helper/jsonutil",
    "sdk/helper/parseutil",
    "sdk/helper/strutil",
  ]
  pruneopts = "T"
  revision = "33d368eac2d24501209d6874379c8cc4d4736e3d"
  version = "v1.2.0"

[[projects]]
  digest = "1:8f20c8dd713564fa97299fbcb77d729c6de9c33f3222812a76e6ecfaef80fd61"
  name = "github.com/hpcloud/tail"
  packages = [
    ".",
    "ratelimiter",
    "util",
    "watch",
    "winfile",
  ]
  pruneopts = "T"
  revision = "a30252cb686a21eb2d0b98132633053ec2f7f1e5"
  version = "v1.0.0"

[[projects]]
  digest = "1:f9a5e090336881be43cfc1cf468330c1bdd60abdc9dd194e0b1ab69f4b94dd7c"
  name = "github.com/huandu/xstrings"
  packages = ["."]
  pruneopts = "T"
  revision = "f02667b379e2fb5916c3cda2cf31e0eb885d79f8"
  version = "v1.2.0"

[[projects]]
  digest = "1:3477d9dd8c135faab978bac762eaeafb31f28d6da97ef500d5c271966f74140a"
  name = "github.com/imdario/mergo"
  packages = ["."]
  pruneopts = "T"
  revision = "9f23e2d6bd2a77f959b2bf6acdbefd708a83a4a4"
  version = "v0.3.6"

[[projects]]
  digest = "1:870d441fe217b8e689d7949fef6e43efbc787e50f200cb1e70dbca9204a1d6be"
  name = "github.com/inconshreveable/mousetrap"
  packages = ["."]
  pruneopts = "T"
  revision = "76626ae9c91c4f2a10f34cad8ce83ea42c93bb75"
  version = "v1.0"

[[projects]]
  digest = "1:5d713dbcad44f3358fec51fd5573d4f733c02cac5a40dcb177787ad5ffe9272f"
  name = "github.com/json-iterator/go"
  packages = ["."]
  pruneopts = "T"
  revision = "1624edc4454b8682399def8740d46db5e4362ba4"
  version = "v1.1.5"

[[projects]]
  digest = "1:53e8c5c79716437e601696140e8b1801aae4204f4ec54a504333702a49572c4f"
  name = "github.com/magiconair/properties"
  packages = [
    ".",
    "assert",
  ]
  pruneopts = "T"
  revision = "c2353362d570a7bfa228149c62842019201cfb71"
  version = "v1.8.0"

[[projects]]
  digest = "1:b168836ecd85a2d138391dbc464d2442ea9400c29cc0636f2c6056b996692e29"
  name = "github.com/mattn/go-colorable"
  packages = ["."]
  pruneopts = "T"
  revision = "167de6bfdfba052fa6b2d3664c8f5272e23c9072"
  version = "v0.0.9"

[[projects]]
  digest = "1:4179033b21c4a209f2b0325cd63c254e84a619b859f00829f550896ef8ce17b6"
  name = "github.com/mattn/go-isatty"
  packages = ["."]
  pruneopts = "T"
  revision = "e1f7b56ace729e4a73a29a6b4fac6cd5fcda7ab3"
  version = "v0.0.9"

[[projects]]
  digest = "1:a8e3d14801bed585908d130ebfc3b925ba642208e6f30d879437ddfc7bb9b413"
  name = "github.com/matttproud/golang_protobuf_extensions"
  packages = ["pbutil"]
  pruneopts = "T"
  revision = "c12348ce28de40eed0136aa2b644d0ee0650e56c"
  version = "v1.0.1"

[[projects]]
  digest = "1:5d231480e1c64a726869bc4142d270184c419749d34f167646baa21008eb0a79"
  name = "github.com/mitchellh/go-homedir"
  packages = ["."]
  pruneopts = "T"
  revision = "af06845cf3004701891bf4fdb884bfe4920b3727"
  version = "v1.1.0"

[[projects]]
  digest = "1:53bc4cd4914cd7cd52139990d5170d6dc99067ae31c56530621b18b35fc30318"
  name = "github.com/mitchellh/mapstructure"
  packages = ["."]
  pruneopts = "T"
  revision = "3536a929edddb9a5b34bd6861dc4a9647cb459fe"
  version = "v1.1.2"

[[projects]]
  digest = "1:33422d238f147d247752996a26574ac48dcf472976eda7f5134015f06bf16563"
  name = "github.com/modern-go/concurrent"
  packages = ["."]
  pruneopts = "T"
  revision = "bacd9c7ef1dd9b15be4a9909b8ac7a4e313eec94"
  version = "1.0.3"

[[projects]]
  digest = "1:e32bdbdb7c377a07a9a46378290059822efdce5c8d96fe71940d87cb4f918855"
  name = "github.com/modern-go/reflect2"
  packages = ["."]
  pruneopts = "T"
  revision = "4b7aa43c6742a2c18fdef89dd197aaae7dac7ccd"
  version = "1.0.1"

[[projects]]
  digest = "1:1de2ef6996903caab4bcf41f7885aa276d8e20076ba52ca80b2c6c32efb9c5f5"
  name = "github.com/onsi/ginkgo"
  packages = [
    ".",
    "config",
    "internal/codelocation",
    "internal/containernode",
    "internal/failer",
    "internal/leafnodes",
    "internal/remote",
    "internal/spec",
    "internal/spec_iterator",
    "internal/specrunner",
    "internal/suite",
    "internal/testingtproxy",
    "internal/writer",
    "reporters",
    "reporters/stenographer",
    "reporters/stenographer/support/go-colorable",
    "reporters/stenographer/support/go-isatty",
    "types",
  ]
  pruneopts = "T"
  revision = "2e1be8f7d90e9d3e3e58b0ce470f2f14d075406f"
  version = "v1.7.0"

[[projects]]
  digest = "1:4f40f5e1925c58d5f9b6a953d1b02f475a6be704e9b5f1a21df6c62c434bde13"
  name = "github.com/onsi/gomega"
  packages = [
    ".",
    "format",
    "gbytes",
    "gexec",
    "internal/assertion",
    "internal/asyncassertion",
    "internal/oraclematcher",
    "internal/testingtsupport",
    "matchers",
    "matchers/support/goraph/bipartitegraph",
    "matchers/support/goraph/edge",
    "matchers/support/goraph/node",
    "matchers/support/goraph/util",
    "types",
  ]
  pruneopts = "T"
  revision = "65fb64232476ad9046e57c26cd0bff3d3a8dc6cd"
  version = "v1.4.3"

[[projects]]
  digest = "1:e5d0bd87abc2781d14e274807a470acd180f0499f8bf5bb18606e9ec22ad9de9"
  name = "github.com/pborman/uuid"
  packages = ["."]
  pruneopts = "T"
  revision = "adf5a7427709b9deb95d29d3fa8a2bf9cfd388f1"
  version = "v1.2"

[[projects]]
  digest = "1:ccf9949c9c53e85dcb7e2905fc620571422567040925381e6baa62f0b7b850fe"
  name = "github.com/pelletier/go-toml"
  packages = ["."]
  pruneopts = "T"
  revision = "c01d1270ff3e442a8a57cddc1c92dc1138598194"
  version = "v1.2.0"

[[projects]]
  digest = "1:6f63e3870088f391da9a988fa1459cd0665fb07a4f8889d7b8266e9f345d61d7"
  name = "github.com/pierrec/lz4"
  packages = [
    ".",
    "internal/xxh32",
  ]
  pruneopts = "T"
  revision = "8ef35db8296124c4969aab929c16c91c3cb2c8a0"
  version = "v2.2.6"

[[projects]]
  digest = "1:40e195917a951a8bf867cd05de2a46aaf1806c50cf92eebf4c16f78cd196f747"
  name = "github.com/pkg/errors"
  packages = ["."]
  pruneopts = "T"
  revision = "645ef00459ed84a119197bfb8d8205042c6df63d"
  version = "v0.8.0"

[[projects]]
  digest = "1:22aa691fe0213cb5c07d103f9effebcb7ad04bee45a0ce5fe5369d0ca2ec3a1f"
  name = "github.com/pmezard/go-difflib"
  packages = ["difflib"]
  pruneopts = "T"
  revision = "792786c7400a136282c1664665ae0a8db921c6c2"
  version = "v1.0.0"

[[projects]]
  digest = "1:3b5729e3fc486abc6fc16ce026331c3d196e788c3b973081ecf5d28ae3e1050d"
  name = "github.com/prometheus/client_golang"
  packages = [
    "prometheus",
    "prometheus/internal",
    "prometheus/promhttp",
  ]
  pruneopts = "T"
  revision = "505eaef017263e299324067d40ca2c48f6a2cf50"
  version = "v0.9.2"

[[projects]]
  branch = "master"
  digest = "1:185cf55b1f44a1bf243558901c3f06efa5c64ba62cfdcbb1bf7bbe8c3fb68561"
  name = "github.com/prometheus/client_model"
  packages = ["go"]
  pruneopts = "T"
  revision = "5c3871d89910bfb32f5fcab2aa4b9ec68e65a99f"

[[projects]]
  branch = "master"
  digest = "1:af934fb00202ba000f356e210fe42a61527fe9045d29bc5eaa57d0d1b5076963"
  name = "github.com/prometheus/common"
  packages = [
    "expfmt",
    "internal/bitbucket.org/ww/goautoneg",
    "model",
  ]
  pruneopts = "T"
  revision = "4724e9255275ce38f7179b2478abeae4e28c904f"

[[projects]]
  branch = "master"
  digest = "1:23dfc492513f6cd72a51d20c57a3bebb9b9ac4c81d27a474b1b49e33b79c4894"
  name = "github.com/prometheus/procfs"
  packages = [
    ".",
    "internal/util",
    "nfs",
    "xfs",
  ]
  pruneopts = "T"
  revision = "1dc9a6cbc91aacc3e8b2d63db4d2e957a5394ac4"

[[projects]]
  digest = "1:6baa565fe16f8657cf93469b2b8a6c61a277827734400d27e44d589547297279"
  name = "github.com/ryanuber/go-glob"
  packages = ["."]
  pruneopts = "T"
  revision = "51a8f68e6c24dc43f1e371749c89a267de4ebc53"
  version = "v1.0.0"

[[projects]]
  digest = "1:b7bf9fd95d38ebe6726a63b7d0320611f7c920c64e2c8313eba0cec51926bf55"
  name = "github.com/spf13/afero"
  packages = [
    ".",
    "mem",
  ]
  pruneopts = "T"
  revision = "d40851caa0d747393da1ffb28f7f9d8b4eeffebd"
  version = "v1.1.2"

[[projects]]
  digest = "1:08d65904057412fc0270fc4812a1c90c594186819243160dc779a402d4b6d0bc"
  name = "github.com/spf13/cast"
  packages = ["."]
  pruneopts = "T"
  revision = "8c9545af88b134710ab1cd196795e7f2388358d7"
  version = "v1.3.0"

[[projects]]
  digest = "1:8be8b3743fc9795ec21bbd3e0fc28ff6234018e1a269b0a7064184be95ac13e0"
  name = "github.com/spf13/cobra"
  packages = ["."]
  pruneopts = "T"
  revision = "ef82de70bb3f60c65fb8eebacbb2d122ef517385"
  version = "v0.0.3"

[[projects]]
  digest = "1:68ea4e23713989dc20b1bded5d9da2c5f9be14ff9885beef481848edd18c26cb"
  name = "github.com/spf13/jwalterweatherman"
  packages = ["."]
  pruneopts = "T"
  revision = "4a4406e478ca629068e7768fc33f3f044173c0a6"
  version = "v1.0.0"

[[projects]]
  digest = "1:0f775ea7a72e30d5574267692aaa9ff265aafd15214a7ae7db26bc77f2ca04dc"
  name = "github.com/spf13/pflag"
  packages = ["."]
  pruneopts = "T"
  revision = "298182f68c66c05229eb03ac171abe6e309ee79a"
  version = "v1.0.3"

[[projects]]
  digest = "1:fefab651e5663d271bda04e3fac63e52d642b454ef88dc1b78deca05f267e94e"
  name = "github.com/spf13/viper"
  packages = ["."]
  pruneopts = "T"
  revision = "6d33b5a963d922d182c91e8a1c88d81fd150cfd4"
  version = "v1.3.1"

[[projects]]
  digest = "1:17c4ccf5cdb1627aaaeb5c1725cb13aec97b63ea2033d4a6824dcaedf94223dc"
  name = "github.com/stretchr/testify"
  packages = [
    "assert",
    "require",
  ]
  pruneopts = "T"
  revision = "ffdc059bfe9ce6a4e144ba849dbedead332c6053"
  version = "v1.3.0"

[[projects]]
  digest = "1:365b8ecb35a5faf5aa0ee8d798548fc9cd4200cb95d77a5b0b285ac881bae499"
  name = "go.uber.org/atomic"
  packages = ["."]
  pruneopts = "T"
  revision = "1ea20fb1cbb1cc08cbd0d913a96dead89aa18289"
  version = "v1.3.2"

[[projects]]
  digest = "1:8da5d356e645cc806b953f35966e9185e9f3817c6cee54f9b33ca602544ee434"
  name = "go.uber.org/multierr"
  packages = ["."]
  pruneopts = "T"
  revision = "3c4937480c32f4c13a875a1829af76c98ca3d40a"
  version = "v1.1.0"

[[projects]]
  digest = "1:c57d4b95825e74f8eb3b0c851d04aac3626a602de613f8702c0de41de26856b6"
  name = "go.uber.org/zap"
  packages = [
    ".",
    "buffer",
    "internal/bufferpool",
    "internal/color",
    "internal/exit",
    "zapcore",
  ]
  pruneopts = "T"
  revision = "ff33455a0e382e8a81d14dd7c922020b6b5e7982"
  version = "v1.9.1"

[[projects]]
  branch = "master"
  digest = "1:d470cb69884835b1800e93ceceb85afcf981ea647e61d99398a76af7a95bad6a"
  name = "golang.org/x/crypto"
  packages = [
    "bcrypt",
    "blowfish",
    "ed25519",
    "ed25519/internal/edwards25519",
    "pbkdf2",
    "scrypt",
    "ssh/terminal",
  ]
  pruneopts = "T"
  revision = "505ab145d0a99da450461ae2c1a9f6cd10d1f447"

[[projects]]
  branch = "master"
  digest = "1:0c60c25323a50cdd330a193334388e8f1f51e50d8e2aeed95aa89316c77248d7"
  name = "golang.org/x/net"
  packages = [
    "context",
    "context/ctxhttp",
    "html",
    "html/atom",
    "html/charset",
    "http/httpguts",
    "http2",
    "http2/hpack",
    "idna",
  ]
  pruneopts = "T"
  revision = "891ebc4b82d6e74f468c533b06f983c7be918a96"

[[projects]]
  branch = "master"
  digest = "1:320e5ba9ea8000060bec710764b8b26c251ee28f6012422b669cb8cb100c9815"
  name = "golang.org/x/oauth2"
  packages = [
    ".",
    "google",
    "internal",
    "jws",
    "jwt",
  ]
  pruneopts = "T"
  revision = "d668ce993890a79bda886613ee587a69dd5da7a6"

[[projects]]
  branch = "master"
  digest = "1:3631df9157a563b9b7efe8bedae459a2d6a8db709826e2c0e26cec4f40d7d7a7"
  name = "golang.org/x/sys"
  packages = [
    "unix",
    "windows",
  ]
  pruneopts = "T"
  revision = "4d1cda033e0619309c606fc686de3adcf599539e"

[[projects]]
  digest = "1:6164911cb5e94e8d8d5131d646613ff82c14f5a8ce869de2f6d80d9889df8c5a"
  name = "golang.org/x/text"
  packages = [
    "collate",
    "collate/build",
    "encoding",
    "encoding/charmap",
    "encoding/htmlindex",
    "encoding/internal",
    "encoding/internal/identifier",
    "encoding/japanese",
    "encoding/korean",
    "encoding/simplifiedchinese",
    "encoding/traditionalchinese",
    "encoding/unicode",
    "internal/colltab",
    "internal/gen",
    "internal/tag",
    "internal/triegen",
    "internal/ucd",
    "internal/utf8internal",
    "language",
    "runes",
    "secure/bidirule",
    "transform",
    "unicode/bidi",
    "unicode/cldr",
    "unicode/norm",
    "unicode/rangetable",
  ]
  pruneopts = "T"
  revision = "f21a4dfb5e38f5895301dc265a8def02365cc3d0"
  version = "v0.3.0"

[[projects]]
  branch = "master"
  digest = "1:077216d94c076b8cd7bd057cb6f7c6d224970cc991bdfe49c0c7a24e8e39ee33"
  name = "golang.org/x/time"
  packages = ["rate"]
  pruneopts = "T"
  revision = "85acf8d2951cb2a3bde7632f9ff273ef0379bcbd"

[[projects]]
  branch = "master"
  digest = "1:7fd1b4c8e7c1e67fe2b671b385fd348f85d988adc5f0da9e3f8db46373ac3592"
  name = "golang.org/x/tools"
  packages = [
    "go/ast/astutil",
    "go/gcexportdata",
    "go/internal/cgo",
    "go/internal/gcimporter",
    "go/packages",
    "go/types/typeutil",
    "imports",
    "internal/fastwalk",
    "internal/gopathwalk",
    "internal/semver",
  ]
  pruneopts = "T"
  revision = "3c39ce7b61056afe4473b651789da5f89d4aeb20"

[[projects]]
  digest = "1:7c65747ea6380bd254afcf806cc06be1d1a9de73ee7ce6e896127f54e1ee10fe"
  name = "gomodules.xyz/jsonpatch"
  packages = ["v2"]
  pruneopts = "T"
  revision = "e8422f09d27ee2c8cfb2c7f8089eb9eeb0764849"
  version = "v2.0.1"

[[projects]]
  digest = "1:fb4ee7f835110d238c58366cfa442da7dfa62cec87d42da2d8049000f4330758"
  name = "google.golang.org/appengine"
  packages = [
    ".",
    "internal",
    "internal/app_identity",
    "internal/base",
    "internal/datastore",
    "internal/log",
    "internal/modules",
    "internal/remote_api",
    "internal/urlfetch",
    "urlfetch",
  ]
  pruneopts = "T"
  revision = "4a4468ece617fc8205e99368fa2200e9d1fad421"
  version = "v1.3.0"

[[projects]]
  digest = "1:7fc160b460a6fc506b37fcca68332464c3f2cd57b6e3f111f26c5bbfd2d5518e"
  name = "gopkg.in/fsnotify.v1"
  packages = ["."]
  pruneopts = "T"
  revision = "c2828203cd70a50dcccfb2761f8b1f8ceef9a8e9"
  source = "https://github.com/fsnotify/fsnotify.git"
  version = "v1.4.7"

[[projects]]
  digest = "1:2d1fbdc6777e5408cabeb02bf336305e724b925ff4546ded0fa8715a7267922a"
  name = "gopkg.in/inf.v0"
  packages = ["."]
  pruneopts = "T"
  revision = "d2d2541c53f18d2a059457998ce2876cc8e67cbf"
  version = "v0.9.1"

[[projects]]
  digest = "1:212c84581aef4f45e0d312b6c026cb5c867e2cd553e8e3d6789f0fa2b9aceb9f"
  name = "gopkg.in/square/go-jose.v2"
  packages = [
    ".",
    "cipher",
    "json",
    "jwt",
  ]
  pruneopts = "T"
  revision = "730df5f748271903322feb182be83b43ebbbe27d"
  version = "v2.3.1"

[[projects]]
  branch = "v1"
  digest = "1:0caa92e17bc0b65a98c63e5bc76a9e844cd5e56493f8fdbb28fad101a16254d9"
  name = "gopkg.in/tomb.v1"
  packages = ["."]
  pruneopts = "T"
  revision = "dd632973f1e7218eb1089048e0798ec9ae7dceb8"

[[projects]]
  digest = "1:4d2e5a73dc1500038e504a8d78b986630e3626dc027bc030ba5c75da257cdb96"
  name = "gopkg.in/yaml.v2"
  packages = ["."]
  pruneopts = "T"
  revision = "51d6538a90f86fe93ac480b35f37b2be17fef232"
  version = "v2.2.2"

[[projects]]
  digest = "1:bbd4fd8b2a8a552b0c8ac509c3993c83c22897804bb262ae176e6bd202ab9f6b"
  name = "k8s.io/api"
  packages = [
    "admission/v1beta1",
    "admissionregistration/v1beta1",
    "apps/v1",
    "apps/v1beta1",
    "apps/v1beta2",
    "auditregistration/v1alpha1",
    "authentication/v1",
    "authentication/v1beta1",
    "authorization/v1",
    "authorization/v1beta1",
    "autoscaling/v1",
    "autoscaling/v2beta1",
    "autoscaling/v2beta2",
    "batch/v1",
    "batch/v1beta1",
    "batch/v2alpha1",
    "certificates/v1beta1",
    "coordination/v1",
    "coordination/v1beta1",
    "core/v1",
    "events/v1beta1",
    "extensions/v1beta1",
    "networking/v1",
    "networking/v1beta1",
    "node/v1alpha1",
    "node/v1beta1",
    "policy/v1beta1",
    "rbac/v1",
    "rbac/v1alpha1",
    "rbac/v1beta1",
    "scheduling/v1",
    "scheduling/v1alpha1",
    "scheduling/v1beta1",
    "settings/v1alpha1",
    "storage/v1",
    "storage/v1alpha1",
    "storage/v1beta1",
  ]
  pruneopts = "T"
  revision = "6e4e0e4f393bf5e8bbff570acd13217aa5a770cd"
  version = "kubernetes-1.14.1"

[[projects]]
  digest = "1:1f6bc48bbe26c234a28657428a6c8e8ab54d370b87ffafb192192d516a9877e8"
  name = "k8s.io/apiextensions-apiserver"
  packages = [
    "pkg/apis/apiextensions",
    "pkg/apis/apiextensions/v1beta1",
    "pkg/client/clientset/clientset",
    "pkg/client/clientset/clientset/scheme",
    "pkg/client/clientset/clientset/typed/apiextensions/v1beta1",
  ]
  pruneopts = "T"
  revision = "727a075fdec8319bf095330e344b3ccc668abc73"
  version = "kubernetes-1.14.1"

[[projects]]
  digest = "1:e0ec21060953ced38018fae667796890cd67dac80f969eec1634ff5ecfcf59a8"
  name = "k8s.io/apimachinery"
  packages = [
    "pkg/api/equality",
    "pkg/api/errors",
    "pkg/api/meta",
    "pkg/api/resource",
    "pkg/api/validation",
    "pkg/apis/meta/internalversion",
    "pkg/apis/meta/v1",
    "pkg/apis/meta/v1/unstructured",
    "pkg/apis/meta/v1/validation",
    "pkg/apis/meta/v1beta1",
    "pkg/conversion",
    "pkg/conversion/queryparams",
    "pkg/fields",
    "pkg/labels",
    "pkg/runtime",
    "pkg/runtime/schema",
    "pkg/runtime/serializer",
    "pkg/runtime/serializer/json",
    "pkg/runtime/serializer/protobuf",
    "pkg/runtime/serializer/recognizer",
    "pkg/runtime/serializer/streaming",
    "pkg/runtime/serializer/versioning",
    "pkg/selection",
    "pkg/types",
    "pkg/util/cache",
    "pkg/util/clock",
    "pkg/util/diff",
    "pkg/util/errors",
    "pkg/util/framer",
    "pkg/util/httpstream",
    "pkg/util/httpstream/spdy",
    "pkg/util/intstr",
    "pkg/util/json",
    "pkg/util/mergepatch",
    "pkg/util/naming",
    "pkg/util/net",
    "pkg/util/rand",
    "pkg/util/remotecommand",
    "pkg/util/runtime",
    "pkg/util/sets",
    "pkg/util/strategicpatch",
    "pkg/util/uuid",
    "pkg/util/validation",
    "pkg/util/validation/field",
    "pkg/util/version",
    "pkg/util/wait",
    "pkg/util/yaml",
    "pkg/version",
    "pkg/watch",
    "third_party/forked/golang/json",
    "third_party/forked/golang/netutil",
    "third_party/forked/golang/reflect",
  ]
  pruneopts = "T"
  revision = "6a84e37a896db9780c75367af8d2ed2bb944022e"
  version = "kubernetes-1.14.1"

[[projects]]
  digest = "1:8574daaa2a4643b60706a37e73d304caca2c48f5076b0ab35f694730f98b235e"
  name = "k8s.io/client-go"
  packages = [
    "discovery",
    "discovery/fake",
    "dynamic",
    "informers",
    "informers/admissionregistration",
    "informers/admissionregistration/v1beta1",
    "informers/apps",
    "informers/apps/v1",
    "informers/apps/v1beta1",
    "informers/apps/v1beta2",
    "informers/auditregistration",
    "informers/auditregistration/v1alpha1",
    "informers/autoscaling",
    "informers/autoscaling/v1",
    "informers/autoscaling/v2beta1",
    "informers/autoscaling/v2beta2",
    "informers/batch",
    "informers/batch/v1",
    "informers/batch/v1beta1",
    "informers/batch/v2alpha1",
    "informers/certificates",
    "informers/certificates/v1beta1",
    "informers/coordination",
    "informers/coordination/v1",
    "informers/coordination/v1beta1",
    "informers/core",
    "informers/core/v1",
    "informers/events",
    "informers/events/v1beta1",
    "informers/extensions",
    "informers/extensions/v1beta1",
    "informers/internalinterfaces",
    "informers/networking",
    "informers/networking/v1",
    "informers/networking/v1beta1",
    "informers/node",
    "informers/node/v1alpha1",
    "informers/node/v1beta1",
    "informers/policy",
    "informers/policy/v1beta1",
    "informers/rbac",
    "informers/rbac/v1",
    "informers/rbac/v1alpha1",
    "informers/rbac/v1beta1",
    "informers/scheduling",
    "informers/scheduling/v1",
    "informers/scheduling/v1alpha1",
    "informers/scheduling/v1beta1",
    "informers/settings",
    "informers/settings/v1alpha1",
    "informers/storage",
    "informers/storage/v1",
    "informers/storage/v1alpha1",
    "informers/storage/v1beta1",
    "kubernetes",
    "kubernetes/fake",
    "kubernetes/scheme",
    "kubernetes/typed/admissionregistration/v1beta1",
    "kubernetes/typed/admissionregistration/v1beta1/fake",
    "kubernetes/typed/apps/v1",
    "kubernetes/typed/apps/v1/fake",
    "kubernetes/typed/apps/v1beta1",
    "kubernetes/typed/apps/v1beta1/fake",
    "kubernetes/typed/apps/v1beta2",
    "kubernetes/typed/apps/v1beta2/fake",
    "kubernetes/typed/auditregistration/v1alpha1",
    "kubernetes/typed/auditregistration/v1alpha1/fake",
    "kubernetes/typed/authentication/v1",
    "kubernetes/typed/authentication/v1/fake",
    "kubernetes/typed/authentication/v1beta1",
    "kubernetes/typed/authentication/v1beta1/fake",
    "kubernetes/typed/authorization/v1",
    "kubernetes/typed/authorization/v1/fake",
    "kubernetes/typed/authorization/v1beta1",
    "kubernetes/typed/authorization/v1beta1/fake",
    "kubernetes/typed/autoscaling/v1",
    "kubernetes/typed/autoscaling/v1/fake",
    "kubernetes/typed/autoscaling/v2beta1",
    "kubernetes/typed/autoscaling/v2beta1/fake",
    "kubernetes/typed/autoscaling/v2beta2",
    "kubernetes/typed/autoscaling/v2beta2/fake",
    "kubernetes/typed/batch/v1",
    "kubernetes/typed/batch/v1/fake",
    "kubernetes/typed/batch/v1beta1",
    "kubernetes/typed/batch/v1beta1/fake",
    "kubernetes/typed/batch/v2alpha1",
    "kubernetes/typed/batch/v2alpha1/fake",
    "kubernetes/typed/certificates/v1beta1",
    "kubernetes/typed/certificates/v1beta1/fake",
    "kubernetes/typed/coordination/v1",
    "kubernetes/typed/coordination/v1/fake",
    "kubernetes/typed/coordination/v1beta1",
    "kubernetes/typed/coordination/v1beta1/fake",
    "kubernetes/typed/core/v1",
    "kubernetes/typed/core/v1/fake",
    "kubernetes/typed/events/v1beta1",
    "kubernetes/typed/events/v1beta1/fake",
    "kubernetes/typed/extensions/v1beta1",
    "kubernetes/typed/extensions/v1beta1/fake",
    "kubernetes/typed/networking/v1",
    "kubernetes/typed/networking/v1/fake",
    "kubernetes/typed/networking/v1beta1",
    "kubernetes/typed/networking/v1beta1/fake",
    "kubernetes/typed/node/v1alpha1",
    "kubernetes/typed/node/v1alpha1/fake",
    "kubernetes/typed/node/v1beta1",
    "kubernetes/typed/node/v1beta1/fake",
    "kubernetes/typed/policy/v1beta1",
    "kubernetes/typed/policy/v1beta1/fake",
    "kubernetes/typed/rbac/v1",
    "kubernetes/typed/rbac/v1/fake",
    "kubernetes/typed/rbac/v1alpha1",
    "kubernetes/typed/rbac/v1alpha1/fake",
    "kubernetes/typed/rbac/v1beta1",
    "kubernetes/typed/rbac/v1beta1/fake",
    "kubernetes/typed/scheduling/v1",
    "kubernetes/typed/scheduling/v1/fake",
    "kubernetes/typed/scheduling/v1alpha1",
    "kubernetes/typed/scheduling/v1alpha1/fake",
    "kubernetes/typed/scheduling/v1beta1",
    "kubernetes/typed/scheduling/v1beta1/fake",
    "kubernetes/typed/settings/v1alpha1",
    "kubernetes/typed/settings/v1alpha1/fake",
    "kubernetes/typed/storage/v1",
    "kubernetes/typed/storage/v1/fake",
    "kubernetes/typed/storage/v1alpha1",
    "kubernetes/typed/storage/v1alpha1/fake",
    "kubernetes/typed/storage/v1beta1",
    "kubernetes/typed/storage/v1beta1/fake",
    "listers/admissionregistration/v1beta1",
    "listers/apps/v1",
    "listers/apps/v1beta1",
    "listers/apps/v1beta2",
    "listers/auditregistration/v1alpha1",
    "listers/autoscaling/v1",
    "listers/autoscaling/v2beta1",
    "listers/autoscaling/v2beta2",
    "listers/batch/v1",
    "listers/batch/v1beta1",
    "listers/batch/v2alpha1",
    "listers/certificates/v1beta1",
    "listers/coordination/v1",
    "listers/coordination/v1beta1",
    "listers/core/v1",
    "listers/events/v1beta1",
    "listers/extensions/v1beta1",
    "listers/networking/v1",
    "listers/networking/v1beta1",
    "listers/node/v1alpha1",
    "listers/node/v1beta1",
    "listers/policy/v1beta1",
    "listers/rbac/v1",
    "listers/rbac/v1alpha1",
    "listers/rbac/v1beta1",
    "listers/scheduling/v1",
    "listers/scheduling/v1alpha1",
    "listers/scheduling/v1beta1",
    "listers/settings/v1alpha1",
    "listers/storage/v1",
    "listers/storage/v1alpha1",
    "listers/storage/v1beta1",
    "pkg/apis/clientauthentication",
    "pkg/apis/clientauthentication/v1alpha1",
    "pkg/apis/clientauthentication/v1beta1",
    "pkg/version",
    "plugin/pkg/client/auth/exec",
    "plugin/pkg/client/auth/gcp",
    "rest",
    "rest/watch",
    "restmapper",
    "testing",
    "third_party/forked/golang/template",
    "tools/auth",
    "tools/cache",
    "tools/clientcmd",
    "tools/clientcmd/api",
    "tools/clientcmd/api/latest",
    "tools/clientcmd/api/v1",
    "tools/leaderelection",
    "tools/leaderelection/resourcelock",
    "tools/metrics",
    "tools/pager",
    "tools/portforward",
    "tools/record",
    "tools/record/util",
    "tools/reference",
    "tools/remotecommand",
    "transport",
    "transport/spdy",
    "util/cert",
    "util/connrotation",
    "util/exec",
    "util/flowcontrol",
    "util/homedir",
    "util/jsonpath",
    "util/keyutil",
    "util/retry",
    "util/workqueue",
  ]
  pruneopts = "T"
  revision = "1a26190bd76a9017e289958b9fba936430aa3704"
  version = "kubernetes-1.14.1"

[[projects]]
  branch = "master"
  digest = "1:b11533d0d337c776e3ee4d59f86ca302a66a777b40a289d97cb59a638179f31e"
  name = "k8s.io/code-generator"
  packages = [
    "cmd/client-gen",
    "cmd/client-gen/args",
    "cmd/client-gen/generators",
    "cmd/client-gen/generators/fake",
    "cmd/client-gen/generators/scheme",
    "cmd/client-gen/generators/util",
    "cmd/client-gen/path",
    "cmd/client-gen/types",
    "cmd/deepcopy-gen",
    "cmd/deepcopy-gen/args",
    "pkg/namer",
    "pkg/util",
  ]
  pruneopts = "T"
  revision = "3a2206dd6a78497deceb3ae058417fdeb2036c7e"

[[projects]]
  branch = "master"
  digest = "1:c5636f57f83eb7ef2a1c7a2340b7e5750f1c105a1d0cbcfcab429d175c216773"
  name = "k8s.io/gengo"
  packages = [
    "args",
    "examples/deepcopy-gen/generators",
    "examples/set-gen/sets",
    "generator",
    "namer",
    "parser",
    "types",
  ]
  pruneopts = "T"
  revision = "fd15ee9cc2f77baa4f31e59e6acbf21146455073"

[[projects]]
  digest = "1:7a3ef99d492d30157b8e933624a8f0292b4cee5934c23269f7640c8030eb83cd"
  name = "k8s.io/klog"
  packages = ["."]
  pruneopts = "T"
  revision = "a5bc97fbc634d635061f3146511332c7e313a55a"
  version = "v0.1.0"

[[projects]]
  branch = "master"
  digest = "1:90f16a49f856e6d94089444e487c535f4cd41f59a1e90c51deb9dcf965f3c50b"
  name = "k8s.io/kube-openapi"
  packages = ["pkg/util/proto"]
  pruneopts = "T"
  revision = "0317810137be915b9cf888946c6e115c1bfac693"

[[projects]]
  branch = "master"
  digest = "1:75ea823fa8126ea20f2c34040f3f34876a1e52427f5831045da3605d97610b7e"
  name = "k8s.io/utils"
  packages = [
    "buffer",
    "integer",
    "trace",
  ]
  pruneopts = "T"
  revision = "6c36bc71fc4aeb1f49801054e71aebdaef1fbeb4"

[[projects]]
  digest = "1:e31911fc785e76bdbfab6a4fff412660edc894856ff1416c6bbfee7258fa78f0"
  name = "sigs.k8s.io/controller-runtime"
  packages = [
    ".",
    "pkg/builder",
    "pkg/cache",
    "pkg/cache/internal",
    "pkg/client",
    "pkg/client/apiutil",
    "pkg/client/config",
    "pkg/client/fake",
    "pkg/controller",
    "pkg/controller/controllerutil",
    "pkg/conversion",
    "pkg/envtest",
    "pkg/envtest/printer",
    "pkg/event",
    "pkg/handler",
    "pkg/internal/controller",
    "pkg/internal/controller/metrics",
    "pkg/internal/log",
    "pkg/internal/objectutil",
    "pkg/internal/recorder",
    "pkg/leaderelection",
    "pkg/log",
    "pkg/log/zap",
    "pkg/manager",
    "pkg/manager/signals",
    "pkg/metrics",
    "pkg/predicate",
    "pkg/reconcile",
    "pkg/recorder",
    "pkg/runtime/inject",
    "pkg/runtime/log",
    "pkg/runtime/signals",
    "pkg/scheme",
    "pkg/source",
    "pkg/source/internal",
    "pkg/webhook",
    "pkg/webhook/admission",
    "pkg/webhook/conversion",
    "pkg/webhook/internal/certwatcher",
    "pkg/webhook/internal/metrics",
  ]
  pruneopts = "T"
  revision = "e1159d6655b260c4812fd0792cd1344ecc96a57e"
  version = "v0.2.0"

[[projects]]
  digest = "1:62f9f980972580259076f4a84b1034d537e04e1f57a57331728df2bcfbce82b0"
  name = "sigs.k8s.io/controller-tools"
  packages = [
    "cmd/controller-gen",
    "pkg/crd",
    "pkg/crd/markers",
    "pkg/deepcopy",
    "pkg/genall",
    "pkg/genall/help",
    "pkg/genall/help/pretty",
    "pkg/loader",
    "pkg/markers",
    "pkg/rbac",
    "pkg/webhook",
  ]
  pruneopts = "T"
  revision = "a653df4cae21d140ed307073ccbfb1d7e245d3a6"
  version = "v0.2.0"

[[projects]]
  digest = "1:290b4da306982122bcdff12dbababbb95c6e4a94a2995db88baf235ef2f6e93e"
  name = "sigs.k8s.io/testing_frameworks"
  packages = [
    "integration",
    "integration/addr",
    "integration/internal",
  ]
  pruneopts = "T"
  revision = "d348cb12705b516376e0c323bacca72b00a78425"
  version = "v0.1.1"

[[projects]]
  digest = "1:7719608fe0b52a4ece56c2dde37bedd95b938677d1ab0f84b8a7852e4c59f849"
  name = "sigs.k8s.io/yaml"
  packages = ["."]
  pruneopts = "T"
  revision = "fd68e9863619f6ec2fdd8625fe1f02e7c877e480"
  version = "v1.1.0"

[solve-meta]
  analyzer-name = "dep"
  analyzer-version = 1
  input-imports = [
    "github.com/Masterminds/sprig",
    "github.com/davecgh/go-spew/spew",
    "github.com/elastic/go-ucfg",
    "github.com/elastic/go-ucfg/diff",
    "github.com/elastic/go-ucfg/yaml",
    "github.com/emicklei/go-restful",
    "github.com/ghodss/yaml",
    "github.com/go-logr/logr",
    "github.com/go-test/deep",
    "github.com/hashicorp/go-multierror",
    "github.com/hashicorp/vault/api",
    "github.com/imdario/mergo",
    "github.com/magiconair/properties/assert",
    "github.com/pkg/errors",
    "github.com/spf13/cobra",
    "github.com/spf13/viper",
    "github.com/stretchr/testify/assert",
    "github.com/stretchr/testify/require",
    "golang.org/x/crypto/bcrypt",
    "gopkg.in/yaml.v2",
    "k8s.io/api/apps/v1",
    "k8s.io/api/core/v1",
    "k8s.io/api/policy/v1beta1",
    "k8s.io/apimachinery/pkg/api/errors",
    "k8s.io/apimachinery/pkg/api/meta",
    "k8s.io/apimachinery/pkg/api/resource",
    "k8s.io/apimachinery/pkg/api/validation",
    "k8s.io/apimachinery/pkg/apis/meta/v1",
    "k8s.io/apimachinery/pkg/fields",
    "k8s.io/apimachinery/pkg/labels",
    "k8s.io/apimachinery/pkg/runtime",
    "k8s.io/apimachinery/pkg/runtime/schema",
    "k8s.io/apimachinery/pkg/types",
    "k8s.io/apimachinery/pkg/util/errors",
    "k8s.io/apimachinery/pkg/util/intstr",
    "k8s.io/apimachinery/pkg/util/rand",
    "k8s.io/apimachinery/pkg/util/runtime",
    "k8s.io/apimachinery/pkg/util/uuid",
    "k8s.io/apimachinery/pkg/util/validation",
    "k8s.io/apimachinery/pkg/util/version",
    "k8s.io/apimachinery/pkg/util/wait",
    "k8s.io/apimachinery/pkg/util/yaml",
    "k8s.io/apimachinery/pkg/version",
    "k8s.io/apimachinery/pkg/watch",
    "k8s.io/client-go/discovery",
    "k8s.io/client-go/informers",
    "k8s.io/client-go/kubernetes",
    "k8s.io/client-go/kubernetes/fake",
    "k8s.io/client-go/kubernetes/scheme",
    "k8s.io/client-go/plugin/pkg/client/auth/gcp",
    "k8s.io/client-go/rest",
    "k8s.io/client-go/restmapper",
    "k8s.io/client-go/tools/cache",
    "k8s.io/client-go/tools/clientcmd",
    "k8s.io/client-go/tools/portforward",
    "k8s.io/client-go/tools/record",
    "k8s.io/client-go/tools/remotecommand",
    "k8s.io/client-go/transport/spdy",
    "k8s.io/client-go/util/workqueue",
    "k8s.io/code-generator/cmd/client-gen",
    "k8s.io/code-generator/cmd/deepcopy-gen",
    "sigs.k8s.io/controller-runtime",
    "sigs.k8s.io/controller-runtime/pkg/client",
    "sigs.k8s.io/controller-runtime/pkg/client/apiutil",
    "sigs.k8s.io/controller-runtime/pkg/client/config",
    "sigs.k8s.io/controller-runtime/pkg/client/fake",
    "sigs.k8s.io/controller-runtime/pkg/controller",
    "sigs.k8s.io/controller-runtime/pkg/controller/controllerutil",
    "sigs.k8s.io/controller-runtime/pkg/envtest",
    "sigs.k8s.io/controller-runtime/pkg/event",
    "sigs.k8s.io/controller-runtime/pkg/handler",
    "sigs.k8s.io/controller-runtime/pkg/manager",
    "sigs.k8s.io/controller-runtime/pkg/reconcile",
    "sigs.k8s.io/controller-runtime/pkg/runtime/inject",
    "sigs.k8s.io/controller-runtime/pkg/runtime/log",
    "sigs.k8s.io/controller-runtime/pkg/runtime/signals",
    "sigs.k8s.io/controller-runtime/pkg/scheme",
    "sigs.k8s.io/controller-runtime/pkg/source",
    "sigs.k8s.io/controller-tools/cmd/controller-gen",
    "sigs.k8s.io/testing_frameworks/integration",
  ]
  solver-name = "gps-cdcl"
  solver-version = 1
