dependencies:
- name: eck-elasticsearch
  repository: file://../eck-elasticsearch
  version: 0.1.0
- name: eck-kibana
  repository: file://../eck-kibana
  version: 0.1.0
- name: eck-beats
  repository: file://../eck-beats
  version: 0.1.0
digest: sha256:b5b2965f1b44a198a2357589c6734eb14dea8f0f97714d1c3173e53d56f2f2fe
generated: "2022-07-28T11:40:18.252758-05:00"
