dependencies:
- name: eck-elasticsearch
  repository: file://../eck-elasticsearch
  version: 0.1.0
- name: eck-kibana
  repository: file://../eck-kibana
  version: 0.1.0
- name: eck-elastic-agent
  repository: file://../eck-elastic-agent
  version: 0.1.0
digest: sha256:e274a8aca0812917a3af333eddd8e94dbc37656d860da5677852f4ec7701aebf
generated: "2022-07-20T08:29:26.379397-05:00"
