dependencies:
- name: eck-elasticsearch
  repository: file://../eck-elasticsearch
  version: 0.1.0
- name: eck-kibana
  repository: file://../eck-kibana
  version: 0.1.0
- name: eck-elastic-agent
  repository: file://../eck-elastic-agent
  version: 0.1.0
- name: eck-fleet-agent
  repository: file://../eck-fleet-agent
  version: 0.1.0
digest: sha256:324c574109e8c385d41d0a6920a9a2fb938bb2c38a9d38cd73bdae889e4933d2
generated: "2022-08-09T12:25:34.847656-05:00"
