# This file is autogenerated, do not edit; changes may be undone by the next 'dep ensure'.


[[projects]]
  digest = "1:4165002b6f20cdd11994d0ec9d3265969179ee03415106b95b500ca021e01347"
  name = "github.com/docker/distribution"
  packages = [
    ".",
    "digestset",
    "manifest",
    "manifest/schema1",
    "manifest/schema2",
    "reference",
  ]
  pruneopts = "UT"
  revision = "2461543d988979529609e8cb6fca9ca190dc48da"
  version = "v2.7.1"

[[projects]]
  digest = "1:0e229970bd76d6cdef6558f51ae493931485fb086d513bc4e3b80003bcf81f39"
  name = "github.com/docker/libtrust"
  packages = ["."]
  pruneopts = "UT"
  revision = "fa567046d9b14f6aa788882a950d69651d230b21"

[[projects]]
  branch = "master"
  digest = "1:2b210e614403360f0922e86caee840c91c96c64db48aecddc33102d212cd949c"
  name = "github.com/heroku/docker-registry-client"
  packages = ["registry"]
  pruneopts = "UT"
  revision = "47ecf50fd8d4fba87593c00ca0959029c7d6b95c"

[[projects]]
  digest = "1:ee4d4af67d93cc7644157882329023ce9a7bcfce956a079069a9405521c7cc8d"
  name = "github.com/opencontainers/go-digest"
  packages = ["."]
  pruneopts = "UT"
  revision = "279bed98673dd5bef374d3b6e4b09e2af76183bf"
  version = "v1.0.0-rc1"

[[projects]]
  digest = "1:b97c7c048aaf7384b250336357259dc9a7a34e2f8af08d7ee55c2255ec0937cd"
  name = "github.com/opencontainers/image-spec"
  packages = [
    "specs-go",
    "specs-go/v1",
  ]
  pruneopts = "UT"
  revision = "ab7389ef9f50030c9b245bc16b981c7ddf192882"
  version = "v1.0.0"

[[projects]]
  digest = "1:33e8a0fc9f993b2bc912152420644127e35b74587a6d694362772dd3821ca4cf"
  name = "github.com/sirupsen/logrus"
  packages = ["."]
  pruneopts = "UT"
  revision = "3d4380f53a34dcdc95f0c1db702615992b38d9a4"

[[projects]]
  branch = "master"
  digest = "1:730ba27cd66db3b98ec8f51a6f20d45ec277d490cca36b1f54e31d3fcaf4840e"
  name = "golang.org/x/sys"
  packages = ["unix"]
  pruneopts = "UT"
  revision = "04f50cda93cbb67f2afa353c52f342100e80e625"

[solve-meta]
  analyzer-name = "dep"
  analyzer-version = 1
  input-imports = ["github.com/heroku/docker-registry-client/registry"]
  solver-name = "gps-cdcl"
  solver-version = 1
